// !$*UTF8*$!
{
	archiveVersion = 1;
	classes = {
	};
	objectVersion = 55;
	objects = {

/* Begin PBXBuildFile section */
		BE5EAFD0290D816B002C5417 /* DictionaryViewController.swift in Sources */ = {isa = PBXBuildFile; fileRef = BE5EAFCF290D816B002C5417 /* DictionaryViewController.swift */; };
		BE5EAFD4290F23B2002C5417 /* HomeViewController.swift in Sources */ = {isa = PBXBuildFile; fileRef = BE5EAFD3290F23B2002C5417 /* HomeViewController.swift */; };
		BE5EAFD6290F23BF002C5417 /* LearnViewController.swift in Sources */ = {isa = PBXBuildFile; fileRef = BE5EAFD5290F23BF002C5417 /* LearnViewController.swift */; };
		BE5EAFD8290F23D6002C5417 /* NotificationViewController.swift in Sources */ = {isa = PBXBuildFile; fileRef = BE5EAFD7290F23D6002C5417 /* NotificationViewController.swift */; };
		BE5EAFDF290F2DA7002C5417 /* dictionaryModel.swift in Sources */ = {isa = PBXBuildFile; fileRef = BE5EAFDE290F2DA7002C5417 /* dictionaryModel.swift */; };
		BE5EAFE6290F4B00002C5417 /* CategoryCard.swift in Sources */ = {isa = PBXBuildFile; fileRef = BE5EAFE5290F4B00002C5417 /* CategoryCard.swift */; };
		BE5EAFE8290F67B8002C5417 /* DictionaryCompseViewController.swift in Sources */ = {isa = PBXBuildFile; fileRef = BE5EAFE7290F67B8002C5417 /* DictionaryCompseViewController.swift */; };
		BE5EAFEA290F6B49002C5417 /* UIViewController+Alert.swift in Sources */ = {isa = PBXBuildFile; fileRef = BE5EAFE9290F6B49002C5417 /* UIViewController+Alert.swift */; };
		BE5EAFEC29103707002C5417 /* DictonaryDetailViewController.swift in Sources */ = {isa = PBXBuildFile; fileRef = BE5EAFEB29103707002C5417 /* DictonaryDetailViewController.swift */; };
		BE5EAFEE2910BEA2002C5417 /* CategoryModel.swift in Sources */ = {isa = PBXBuildFile; fileRef = BE5EAFED2910BEA2002C5417 /* CategoryModel.swift */; };
		BE5EAFF02910CAE3002C5417 /* dicDetailModel.swift in Sources */ = {isa = PBXBuildFile; fileRef = BE5EAFEF2910CAE3002C5417 /* dicDetailModel.swift */; };
		BE5EAFF62910CB94002C5417 /* DicDetailCompseViewController.swift in Sources */ = {isa = PBXBuildFile; fileRef = BE5EAFF52910CB94002C5417 /* DicDetailCompseViewController.swift */; };
		BEBEC48A28E23BD20055EE86 /* AppDelegate.swift in Sources */ = {isa = PBXBuildFile; fileRef = BEBEC48928E23BD20055EE86 /* AppDelegate.swift */; };
		BEBEC48C28E23BD20055EE86 /* SceneDelegate.swift in Sources */ = {isa = PBXBuildFile; fileRef = BEBEC48B28E23BD20055EE86 /* SceneDelegate.swift */; };
		BEBEC48E28E23BD20055EE86 /* ViewController.swift in Sources */ = {isa = PBXBuildFile; fileRef = BEBEC48D28E23BD20055EE86 /* ViewController.swift */; };
		BEBEC49128E23BD20055EE86 /* Main.storyboard in Resources */ = {isa = PBXBuildFile; fileRef = BEBEC48F28E23BD20055EE86 /* Main.storyboard */; };
		BEBEC49428E23BD20055EE86 /* EnSena.xcdatamodeld in Sources */ = {isa = PBXBuildFile; fileRef = BEBEC49228E23BD20055EE86 /* EnSena.xcdatamodeld */; };
		BEBEC49628E23BD70055EE86 /* Assets.xcassets in Resources */ = {isa = PBXBuildFile; fileRef = BEBEC49528E23BD70055EE86 /* Assets.xcassets */; };
		BEBEC49928E23BD70055EE86 /* LaunchScreen.storyboard in Resources */ = {isa = PBXBuildFile; fileRef = BEBEC49728E23BD70055EE86 /* LaunchScreen.storyboard */; };
/* End PBXBuildFile section */

/* Begin PBXFileReference section */
		BE5EAFCF290D816B002C5417 /* DictionaryViewController.swift */ = {isa = PBXFileReference; lastKnownFileType = sourcecode.swift; path = DictionaryViewController.swift; sourceTree = "<group>"; };
		BE5EAFD3290F23B2002C5417 /* HomeViewController.swift */ = {isa = PBXFileReference; lastKnownFileType = sourcecode.swift; path = HomeViewController.swift; sourceTree = "<group>"; };
		BE5EAFD5290F23BF002C5417 /* LearnViewController.swift */ = {isa = PBXFileReference; lastKnownFileType = sourcecode.swift; path = LearnViewController.swift; sourceTree = "<group>"; };
		BE5EAFD7290F23D6002C5417 /* NotificationViewController.swift */ = {isa = PBXFileReference; lastKnownFileType = sourcecode.swift; path = NotificationViewController.swift; sourceTree = "<group>"; };
		BE5EAFDE290F2DA7002C5417 /* dictionaryModel.swift */ = {isa = PBXFileReference; lastKnownFileType = sourcecode.swift; path = dictionaryModel.swift; sourceTree = "<group>"; };
		BE5EAFE5290F4B00002C5417 /* CategoryCard.swift */ = {isa = PBXFileReference; lastKnownFileType = sourcecode.swift; path = CategoryCard.swift; sourceTree = "<group>"; };
		BE5EAFE7290F67B8002C5417 /* DictionaryCompseViewController.swift */ = {isa = PBXFileReference; lastKnownFileType = sourcecode.swift; path = DictionaryCompseViewController.swift; sourceTree = "<group>"; };
		BE5EAFE9290F6B49002C5417 /* UIViewController+Alert.swift */ = {isa = PBXFileReference; lastKnownFileType = sourcecode.swift; path = "UIViewController+Alert.swift"; sourceTree = "<group>"; };
		BE5EAFEB29103707002C5417 /* DictonaryDetailViewController.swift */ = {isa = PBXFileReference; lastKnownFileType = sourcecode.swift; path = DictonaryDetailViewController.swift; sourceTree = "<group>"; };
		BE5EAFED2910BEA2002C5417 /* CategoryModel.swift */ = {isa = PBXFileReference; lastKnownFileType = sourcecode.swift; path = CategoryModel.swift; sourceTree = "<group>"; };
		BE5EAFEF2910CAE3002C5417 /* dicDetailModel.swift */ = {isa = PBXFileReference; lastKnownFileType = sourcecode.swift; path = dicDetailModel.swift; sourceTree = "<group>"; };
		BE5EAFF52910CB94002C5417 /* DicDetailCompseViewController.swift */ = {isa = PBXFileReference; lastKnownFileType = sourcecode.swift; path = DicDetailCompseViewController.swift; sourceTree = "<group>"; };
		BEBEC48628E23BD20055EE86 /* EnSena.app */ = {isa = PBXFileReference; explicitFileType = wrapper.application; includeInIndex = 0; path = EnSena.app; sourceTree = BUILT_PRODUCTS_DIR; };
		BEBEC48928E23BD20055EE86 /* AppDelegate.swift */ = {isa = PBXFileReference; lastKnownFileType = sourcecode.swift; path = AppDelegate.swift; sourceTree = "<group>"; };
		BEBEC48B28E23BD20055EE86 /* SceneDelegate.swift */ = {isa = PBXFileReference; lastKnownFileType = sourcecode.swift; path = SceneDelegate.swift; sourceTree = "<group>"; };
		BEBEC48D28E23BD20055EE86 /* ViewController.swift */ = {isa = PBXFileReference; lastKnownFileType = sourcecode.swift; path = ViewController.swift; sourceTree = "<group>"; };
		BEBEC49028E23BD20055EE86 /* Base */ = {isa = PBXFileReference; lastKnownFileType = file.storyboard; name = Base; path = Base.lproj/Main.storyboard; sourceTree = "<group>"; };
		BEBEC49328E23BD20055EE86 /* EnSena.xcdatamodel */ = {isa = PBXFileReference; lastKnownFileType = wrapper.xcdatamodel; path = EnSena.xcdatamodel; sourceTree = "<group>"; };
		BEBEC49528E23BD70055EE86 /* Assets.xcassets */ = {isa = PBXFileReference; lastKnownFileType = folder.assetcatalog; path = Assets.xcassets; sourceTree = "<group>"; };
		BEBEC49828E23BD70055EE86 /* Base */ = {isa = PBXFileReference; lastKnownFileType = file.storyboard; name = Base; path = Base.lproj/LaunchScreen.storyboard; sourceTree = "<group>"; };
		BEBEC49A28E23BD70055EE86 /* Info.plist */ = {isa = PBXFileReference; lastKnownFileType = text.plist.xml; path = Info.plist; sourceTree = "<group>"; };
/* End PBXFileReference section */

/* Begin PBXFrameworksBuildPhase section */
		BEBEC48328E23BD20055EE86 /* Frameworks */ = {
			isa = PBXFrameworksBuildPhase;
			buildActionMask = 2147483647;
			files = (
			);
			runOnlyForDeploymentPostprocessing = 0;
		};
/* End PBXFrameworksBuildPhase section */

/* Begin PBXGroup section */
		BE5EAFDD290F2D86002C5417 /* Model */ = {
			isa = PBXGroup;
			children = (
				BE5EAFDE290F2DA7002C5417 /* dictionaryModel.swift */,
				BE5EAFED2910BEA2002C5417 /* CategoryModel.swift */,
				BE5EAFEF2910CAE3002C5417 /* dicDetailModel.swift */,
			);
			path = Model;
			sourceTree = "<group>";
		};
		BE5EAFE0290F4A5C002C5417 /* Componentes */ = {
			isa = PBXGroup;
			children = (
				BE5EAFE5290F4B00002C5417 /* CategoryCard.swift */,
			);
			path = Componentes;
			sourceTree = "<group>";
		};
		BE5EAFF12910CAF8002C5417 /* Dictionary */ = {
			isa = PBXGroup;
			children = (
				BE5EAFF22910CB3C002C5417 /* DicDetail */,
				BE5EAFCF290D816B002C5417 /* DictionaryViewController.swift */,
				BE5EAFE7290F67B8002C5417 /* DictionaryCompseViewController.swift */,
				BE5EAFE9290F6B49002C5417 /* UIViewController+Alert.swift */,
			);
			path = Dictionary;
			sourceTree = "<group>";
		};
		BE5EAFF22910CB3C002C5417 /* DicDetail */ = {
			isa = PBXGroup;
			children = (
				BE5EAFEB29103707002C5417 /* DictonaryDetailViewController.swift */,
				BE5EAFF52910CB94002C5417 /* DicDetailCompseViewController.swift */,
			);
			path = DicDetail;
			sourceTree = "<group>";
		};
		BEBEC47D28E23BD20055EE86 = {
			isa = PBXGroup;
			children = (
				BEBEC48828E23BD20055EE86 /* EnSena */,
				BEBEC48728E23BD20055EE86 /* Products */,
			);
			sourceTree = "<group>";
		};
		BEBEC48728E23BD20055EE86 /* Products */ = {
			isa = PBXGroup;
			children = (
				BEBEC48628E23BD20055EE86 /* EnSena.app */,
			);
			name = Products;
			sourceTree = "<group>";
		};
		BEBEC48828E23BD20055EE86 /* EnSena */ = {
			isa = PBXGroup;
			children = (
				BE5EAFF12910CAF8002C5417 /* Dictionary */,
				BE5EAFE0290F4A5C002C5417 /* Componentes */,
				BE5EAFDD290F2D86002C5417 /* Model */,
				BEBEC48928E23BD20055EE86 /* AppDelegate.swift */,
				BEBEC48B28E23BD20055EE86 /* SceneDelegate.swift */,
				BEBEC48D28E23BD20055EE86 /* ViewController.swift */,
				BEBEC48F28E23BD20055EE86 /* Main.storyboard */,
				BE5EAFD3290F23B2002C5417 /* HomeViewController.swift */,
				BE5EAFD5290F23BF002C5417 /* LearnViewController.swift */,
				BE5EAFD7290F23D6002C5417 /* NotificationViewController.swift */,
				BEBEC49528E23BD70055EE86 /* Assets.xcassets */,
				BEBEC49728E23BD70055EE86 /* LaunchScreen.storyboard */,
				BEBEC49A28E23BD70055EE86 /* Info.plist */,
				BEBEC49228E23BD20055EE86 /* EnSena.xcdatamodeld */,
			);
			path = EnSena;
			sourceTree = "<group>";
		};
/* End PBXGroup section */

/* Begin PBXNativeTarget section */
		BEBEC48528E23BD20055EE86 /* EnSena */ = {
			isa = PBXNativeTarget;
			buildConfigurationList = BEBEC49D28E23BD70055EE86 /* Build configuration list for PBXNativeTarget "EnSena" */;
			buildPhases = (
				BEBEC48228E23BD20055EE86 /* Sources */,
				BEBEC48328E23BD20055EE86 /* Frameworks */,
				BEBEC48428E23BD20055EE86 /* Resources */,
			);
			buildRules = (
			);
			dependencies = (
			);
			name = EnSena;
			productName = EnSena;
			productReference = BEBEC48628E23BD20055EE86 /* EnSena.app */;
			productType = "com.apple.product-type.application";
		};
/* End PBXNativeTarget section */

/* Begin PBXProject section */
		BEBEC47E28E23BD20055EE86 /* Project object */ = {
			isa = PBXProject;
			attributes = {
				BuildIndependentTargetsInParallel = 1;
				LastSwiftUpdateCheck = 1340;
				LastUpgradeCheck = 1340;
				TargetAttributes = {
					BEBEC48528E23BD20055EE86 = {
						CreatedOnToolsVersion = 13.4.1;
					};
				};
			};
			buildConfigurationList = BEBEC48128E23BD20055EE86 /* Build configuration list for PBXProject "EnSena" */;
			compatibilityVersion = "Xcode 13.0";
			developmentRegion = en;
			hasScannedForEncodings = 0;
			knownRegions = (
				en,
				Base,
			);
			mainGroup = BEBEC47D28E23BD20055EE86;
			productRefGroup = BEBEC48728E23BD20055EE86 /* Products */;
			projectDirPath = "";
			projectRoot = "";
			targets = (
				BEBEC48528E23BD20055EE86 /* EnSena */,
			);
		};
/* End PBXProject section */

/* Begin PBXResourcesBuildPhase section */
		BEBEC48428E23BD20055EE86 /* Resources */ = {
			isa = PBXResourcesBuildPhase;
			buildActionMask = 2147483647;
			files = (
				BEBEC49928E23BD70055EE86 /* LaunchScreen.storyboard in Resources */,
				BEBEC49628E23BD70055EE86 /* Assets.xcassets in Resources */,
				BEBEC49128E23BD20055EE86 /* Main.storyboard in Resources */,
			);
			runOnlyForDeploymentPostprocessing = 0;
		};
/* End PBXResourcesBuildPhase section */

/* Begin PBXSourcesBuildPhase section */
		BEBEC48228E23BD20055EE86 /* Sources */ = {
			isa = PBXSourcesBuildPhase;
			buildActionMask = 2147483647;
			files = (
				BE5EAFDF290F2DA7002C5417 /* dictionaryModel.swift in Sources */,
				BE5EAFE6290F4B00002C5417 /* CategoryCard.swift in Sources */,
				BE5EAFD8290F23D6002C5417 /* NotificationViewController.swift in Sources */,
				BE5EAFEA290F6B49002C5417 /* UIViewController+Alert.swift in Sources */,
				BE5EAFD0290D816B002C5417 /* DictionaryViewController.swift in Sources */,
				BE5EAFE8290F67B8002C5417 /* DictionaryCompseViewController.swift in Sources */,
				BEBEC48E28E23BD20055EE86 /* ViewController.swift in Sources */,
				BE5EAFD6290F23BF002C5417 /* LearnViewController.swift in Sources */,
				BEBEC49428E23BD20055EE86 /* EnSena.xcdatamodeld in Sources */,
				BE5EAFEC29103707002C5417 /* DictonaryDetailViewController.swift in Sources */,
				BE5EAFD4290F23B2002C5417 /* HomeViewController.swift in Sources */,
				BE5EAFEE2910BEA2002C5417 /* CategoryModel.swift in Sources */,
				BEBEC48A28E23BD20055EE86 /* AppDelegate.swift in Sources */,
				BEBEC48C28E23BD20055EE86 /* SceneDelegate.swift in Sources */,
				BE5EAFF62910CB94002C5417 /* DicDetailCompseViewController.swift in Sources */,
				BE5EAFF02910CAE3002C5417 /* dicDetailModel.swift in Sources */,
			);
			runOnlyForDeploymentPostprocessing = 0;
		};
/* End PBXSourcesBuildPhase section */

/* Begin PBXVariantGroup section */
		BEBEC48F28E23BD20055EE86 /* Main.storyboard */ = {
			isa = PBXVariantGroup;
			children = (
				BEBEC49028E23BD20055EE86 /* Base */,
			);
			name = Main.storyboard;
			sourceTree = "<group>";
		};
		BEBEC49728E23BD70055EE86 /* LaunchScreen.storyboard */ = {
			isa = PBXVariantGroup;
			children = (
				BEBEC49828E23BD70055EE86 /* Base */,
			);
			name = LaunchScreen.storyboard;
			sourceTree = "<group>";
		};
/* End PBXVariantGroup section */

/* Begin XCBuildConfiguration section */
		BEBEC49B28E23BD70055EE86 /* Debug */ = {
			isa = XCBuildConfiguration;
			buildSettings = {
				ALWAYS_SEARCH_USER_PATHS = NO;
				CLANG_ANALYZER_NONNULL = YES;
				CLANG_ANALYZER_NUMBER_OBJECT_CONVERSION = YES_AGGRESSIVE;
				CLANG_CXX_LANGUAGE_STANDARD = "gnu++17";
				CLANG_ENABLE_MODULES = YES;
				CLANG_ENABLE_OBJC_ARC = YES;
				CLANG_ENABLE_OBJC_WEAK = YES;
				CLANG_WARN_BLOCK_CAPTURE_AUTORELEASING = YES;
				CLANG_WARN_BOOL_CONVERSION = YES;
				CLANG_WARN_COMMA = YES;
				CLANG_WARN_CONSTANT_CONVERSION = YES;
				CLANG_WARN_DEPRECATED_OBJC_IMPLEMENTATIONS = YES;
				CLANG_WARN_DIRECT_OBJC_ISA_USAGE = YES_ERROR;
				CLANG_WARN_DOCUMENTATION_COMMENTS = YES;
				CLANG_WARN_EMPTY_BODY = YES;
				CLANG_WARN_ENUM_CONVERSION = YES;
				CLANG_WARN_INFINITE_RECURSION = YES;
				CLANG_WARN_INT_CONVERSION = YES;
				CLANG_WARN_NON_LITERAL_NULL_CONVERSION = YES;
				CLANG_WARN_OBJC_IMPLICIT_RETAIN_SELF = YES;
				CLANG_WARN_OBJC_LITERAL_CONVERSION = YES;
				CLANG_WARN_OBJC_ROOT_CLASS = YES_ERROR;
				CLANG_WARN_QUOTED_INCLUDE_IN_FRAMEWORK_HEADER = YES;
				CLANG_WARN_RANGE_LOOP_ANALYSIS = YES;
				CLANG_WARN_STRICT_PROTOTYPES = YES;
				CLANG_WARN_SUSPICIOUS_MOVE = YES;
				CLANG_WARN_UNGUARDED_AVAILABILITY = YES_AGGRESSIVE;
				CLANG_WARN_UNREACHABLE_CODE = YES;
				CLANG_WARN__DUPLICATE_METHOD_MATCH = YES;
				COPY_PHASE_STRIP = NO;
				DEBUG_INFORMATION_FORMAT = dwarf;
				ENABLE_STRICT_OBJC_MSGSEND = YES;
				ENABLE_TESTABILITY = YES;
				GCC_C_LANGUAGE_STANDARD = gnu11;
				GCC_DYNAMIC_NO_PIC = NO;
				GCC_NO_COMMON_BLOCKS = YES;
				GCC_OPTIMIZATION_LEVEL = 0;
				GCC_PREPROCESSOR_DEFINITIONS = (
					"DEBUG=1",
					"$(inherited)",
				);
				GCC_WARN_64_TO_32_BIT_CONVERSION = YES;
				GCC_WARN_ABOUT_RETURN_TYPE = YES_ERROR;
				GCC_WARN_UNDECLARED_SELECTOR = YES;
				GCC_WARN_UNINITIALIZED_AUTOS = YES_AGGRESSIVE;
				GCC_WARN_UNUSED_FUNCTION = YES;
				GCC_WARN_UNUSED_VARIABLE = YES;
				IPHONEOS_DEPLOYMENT_TARGET = 14.0;
				MTL_ENABLE_DEBUG_INFO = INCLUDE_SOURCE;
				MTL_FAST_MATH = YES;
				ONLY_ACTIVE_ARCH = YES;
				SDKROOT = iphoneos;
				SWIFT_ACTIVE_COMPILATION_CONDITIONS = DEBUG;
				SWIFT_OPTIMIZATION_LEVEL = "-Onone";
			};
			name = Debug;
		};
		BEBEC49C28E23BD70055EE86 /* Release */ = {
			isa = XCBuildConfiguration;
			buildSettings = {
				ALWAYS_SEARCH_USER_PATHS = NO;
				CLANG_ANALYZER_NONNULL = YES;
				CLANG_ANALYZER_NUMBER_OBJECT_CONVERSION = YES_AGGRESSIVE;
				CLANG_CXX_LANGUAGE_STANDARD = "gnu++17";
				CLANG_ENABLE_MODULES = YES;
				CLANG_ENABLE_OBJC_ARC = YES;
				CLANG_ENABLE_OBJC_WEAK = YES;
				CLANG_WARN_BLOCK_CAPTURE_AUTORELEASING = YES;
				CLANG_WARN_BOOL_CONVERSION = YES;
				CLANG_WARN_COMMA = YES;
				CLANG_WARN_CONSTANT_CONVERSION = YES;
				CLANG_WARN_DEPRECATED_OBJC_IMPLEMENTATIONS = YES;
				CLANG_WARN_DIRECT_OBJC_ISA_USAGE = YES_ERROR;
				CLANG_WARN_DOCUMENTATION_COMMENTS = YES;
				CLANG_WARN_EMPTY_BODY = YES;
				CLANG_WARN_ENUM_CONVERSION = YES;
				CLANG_WARN_INFINITE_RECURSION = YES;
				CLANG_WARN_INT_CONVERSION = YES;
				CLANG_WARN_NON_LITERAL_NULL_CONVERSION = YES;
				CLANG_WARN_OBJC_IMPLICIT_RETAIN_SELF = YES;
				CLANG_WARN_OBJC_LITERAL_CONVERSION = YES;
				CLANG_WARN_OBJC_ROOT_CLASS = YES_ERROR;
				CLANG_WARN_QUOTED_INCLUDE_IN_FRAMEWORK_HEADER = YES;
				CLANG_WARN_RANGE_LOOP_ANALYSIS = YES;
				CLANG_WARN_STRICT_PROTOTYPES = YES;
				CLANG_WARN_SUSPICIOUS_MOVE = YES;
				CLANG_WARN_UNGUARDED_AVAILABILITY = YES_AGGRESSIVE;
				CLANG_WARN_UNREACHABLE_CODE = YES;
				CLANG_WARN__DUPLICATE_METHOD_MATCH = YES;
				COPY_PHASE_STRIP = NO;
				DEBUG_INFORMATION_FORMAT = "dwarf-with-dsym";
				ENABLE_NS_ASSERTIONS = NO;
				ENABLE_STRICT_OBJC_MSGSEND = YES;
				GCC_C_LANGUAGE_STANDARD = gnu11;
				GCC_NO_COMMON_BLOCKS = YES;
				GCC_WARN_64_TO_32_BIT_CONVERSION = YES;
				GCC_WARN_ABOUT_RETURN_TYPE = YES_ERROR;
				GCC_WARN_UNDECLARED_SELECTOR = YES;
				GCC_WARN_UNINITIALIZED_AUTOS = YES_AGGRESSIVE;
				GCC_WARN_UNUSED_FUNCTION = YES;
				GCC_WARN_UNUSED_VARIABLE = YES;
				IPHONEOS_DEPLOYMENT_TARGET = 14.0;
				MTL_ENABLE_DEBUG_INFO = NO;
				MTL_FAST_MATH = YES;
				SDKROOT = iphoneos;
				SWIFT_COMPILATION_MODE = wholemodule;
				SWIFT_OPTIMIZATION_LEVEL = "-O";
				VALIDATE_PRODUCT = YES;
			};
			name = Release;
		};
		BEBEC49E28E23BD70055EE86 /* Debug */ = {
			isa = XCBuildConfiguration;
			buildSettings = {
				ASSETCATALOG_COMPILER_APPICON_NAME = AppIcon;
				ASSETCATALOG_COMPILER_GLOBAL_ACCENT_COLOR_NAME = AccentColor;
				CODE_SIGN_STYLE = Automatic;
				CURRENT_PROJECT_VERSION = 1;
				DEVELOPMENT_TEAM = ZPG82D37U3;
				GENERATE_INFOPLIST_FILE = YES;
				INFOPLIST_FILE = EnSena/Info.plist;
				INFOPLIST_KEY_UIApplicationSupportsIndirectInputEvents = YES;
				INFOPLIST_KEY_UILaunchStoryboardName = LaunchScreen;
				INFOPLIST_KEY_UIMainStoryboardFile = Main;
				INFOPLIST_KEY_UISupportedInterfaceOrientations_iPad = "UIInterfaceOrientationPortrait UIInterfaceOrientationPortraitUpsideDown UIInterfaceOrientationLandscapeLeft UIInterfaceOrientationLandscapeRight";
				INFOPLIST_KEY_UISupportedInterfaceOrientations_iPhone = "UIInterfaceOrientationPortrait UIInterfaceOrientationLandscapeLeft UIInterfaceOrientationLandscapeRight";
				IPHONEOS_DEPLOYMENT_TARGET = 12.4;
				LD_RUNPATH_SEARCH_PATHS = (
					"$(inherited)",
					"@executable_path/Frameworks",
				);
				MARKETING_VERSION = 1.0;
				PRODUCT_BUNDLE_IDENTIFIER = Mango.EnSena;
				PRODUCT_NAME = "$(TARGET_NAME)";
				SWIFT_EMIT_LOC_STRINGS = YES;
				SWIFT_VERSION = 5.0;
				TARGETED_DEVICE_FAMILY = "1,2";
			};
			name = Debug;
		};
		BEBEC49F28E23BD70055EE86 /* Release */ = {
			isa = XCBuildConfiguration;
			buildSettings = {
				ASSETCATALOG_COMPILER_APPICON_NAME = AppIcon;
				ASSETCATALOG_COMPILER_GLOBAL_ACCENT_COLOR_NAME = AccentColor;
				CODE_SIGN_STYLE = Automatic;
				CURRENT_PROJECT_VERSION = 1;
				DEVELOPMENT_TEAM = ZPG82D37U3;
				GENERATE_INFOPLIST_FILE = YES;
				INFOPLIST_FILE = EnSena/Info.plist;
				INFOPLIST_KEY_UIApplicationSupportsIndirectInputEvents = YES;
				INFOPLIST_KEY_UILaunchStoryboardName = LaunchScreen;
				INFOPLIST_KEY_UIMainStoryboardFile = Main;
				INFOPLIST_KEY_UISupportedInterfaceOrientations_iPad = "UIInterfaceOrientationPortrait UIInterfaceOrientationPortraitUpsideDown UIInterfaceOrientationLandscapeLeft UIInterfaceOrientationLandscapeRight";
				INFOPLIST_KEY_UISupportedInterfaceOrientations_iPhone = "UIInterfaceOrientationPortrait UIInterfaceOrientationLandscapeLeft UIInterfaceOrientationLandscapeRight";
				IPHONEOS_DEPLOYMENT_TARGET = 12.4;
				LD_RUNPATH_SEARCH_PATHS = (
					"$(inherited)",
					"@executable_path/Frameworks",
				);
				MARKETING_VERSION = 1.0;
				PRODUCT_BUNDLE_IDENTIFIER = Mango.EnSena;
				PRODUCT_NAME = "$(TARGET_NAME)";
				SWIFT_EMIT_LOC_STRINGS = YES;
				SWIFT_VERSION = 5.0;
				TARGETED_DEVICE_FAMILY = "1,2";
			};
			name = Release;
		};
/* End XCBuildConfiguration section */

/* Begin XCConfigurationList section */
		BEBEC48128E23BD20055EE86 /* Build configuration list for PBXProject "EnSena" */ = {
			isa = XCConfigurationList;
			buildConfigurations = (
				BEBEC49B28E23BD70055EE86 /* Debug */,
				BEBEC49C28E23BD70055EE86 /* Release */,
			);
			defaultConfigurationIsVisible = 0;
			defaultConfigurationName = Release;
		};
		BEBEC49D28E23BD70055EE86 /* Build configuration list for PBXNativeTarget "EnSena" */ = {
			isa = XCConfigurationList;
			buildConfigurations = (
				BEBEC49E28E23BD70055EE86 /* Debug */,
				BEBEC49F28E23BD70055EE86 /* Release */,
			);
			defaultConfigurationIsVisible = 0;
			defaultConfigurationName = Release;
		};
/* End XCConfigurationList section */

/* Begin XCVersionGroup section */
		BEBEC49228E23BD20055EE86 /* EnSena.xcdatamodeld */ = {
			isa = XCVersionGroup;
			children = (
				BEBEC49328E23BD20055EE86 /* EnSena.xcdatamodel */,
			);
			currentVersion = BEBEC49328E23BD20055EE86 /* EnSena.xcdatamodel */;
			path = EnSena.xcdatamodeld;
			sourceTree = "<group>";
			versionGroupType = wrapper.xcdatamodel;
		};
/* End XCVersionGroup section */
	};
	rootObject = BEBEC47E28E23BD20055EE86 /* Project object */;
}
