// !$*UTF8*$!
{
	archiveVersion = 1;
	classes = {
	};
	objectVersion = 55;
	objects = {

/* Begin PBXBuildFile section */
		5C81F0A3292CCD000086D5F2 /* SDWebImage in Frameworks */ = {isa = PBXBuildFile; productRef = 5C81F0A2292CCD000086D5F2 /* SDWebImage */; };
		5C81F0A5292CCD000086D5F2 /* SDWebImageMapKit in Frameworks */ = {isa = PBXBuildFile; productRef = 5C81F0A4292CCD000086D5F2 /* SDWebImageMapKit */; };
		5CF429C6292C4E49000489FD /* GoogleService-Info-2.plist in Resources */ = {isa = PBXBuildFile; fileRef = 5CF429C5292C4E48000489FD /* GoogleService-Info-2.plist */; };
		BE0CAEE42921B5D800DD1188 /* LearnComposeViewController.swift in Sources */ = {isa = PBXBuildFile; fileRef = BE0CAEE32921B5D800DD1188 /* LearnComposeViewController.swift */; };
		BE0CAEE72921B80100DD1188 /* LessonDetailViewController.swift in Sources */ = {isa = PBXBuildFile; fileRef = BE0CAEE62921B80100DD1188 /* LessonDetailViewController.swift */; };
		BE0CAEEB2922DF7E00DD1188 /* GoogleService-Info.plist in Resources */ = {isa = PBXBuildFile; fileRef = BE0CAEEA2922DF7E00DD1188 /* GoogleService-Info.plist */; };
		BE1A3C172922E02F00E6D498 /* FirebaseAuth in Frameworks */ = {isa = PBXBuildFile; productRef = BE1A3C162922E02F00E6D498 /* FirebaseAuth */; };
		BE1A3C192922E02F00E6D498 /* FirebaseFirestore in Frameworks */ = {isa = PBXBuildFile; productRef = BE1A3C182922E02F00E6D498 /* FirebaseFirestore */; };
		BE1A3C1B2922E02F00E6D498 /* FirebaseStorage in Frameworks */ = {isa = PBXBuildFile; productRef = BE1A3C1A2922E02F00E6D498 /* FirebaseStorage */; };
		BE1E75C72927C63F00BB59CE /* NotAdminLessonLearnViewController.swift in Sources */ = {isa = PBXBuildFile; fileRef = BE1E75C62927C63F00BB59CE /* NotAdminLessonLearnViewController.swift */; };
		BE5EAFD0290D816B002C5417 /* DictionaryViewController.swift in Sources */ = {isa = PBXBuildFile; fileRef = BE5EAFCF290D816B002C5417 /* DictionaryViewController.swift */; };
		BE5EAFD4290F23B2002C5417 /* HomeViewController.swift in Sources */ = {isa = PBXBuildFile; fileRef = BE5EAFD3290F23B2002C5417 /* HomeViewController.swift */; };
		BE5EAFD6290F23BF002C5417 /* LearnViewController.swift in Sources */ = {isa = PBXBuildFile; fileRef = BE5EAFD5290F23BF002C5417 /* LearnViewController.swift */; };
		BE5EAFD8290F23D6002C5417 /* NotificationViewController.swift in Sources */ = {isa = PBXBuildFile; fileRef = BE5EAFD7290F23D6002C5417 /* NotificationViewController.swift */; };
		BE5EAFE8290F67B8002C5417 /* DictionaryCompseViewController.swift in Sources */ = {isa = PBXBuildFile; fileRef = BE5EAFE7290F67B8002C5417 /* DictionaryCompseViewController.swift */; };
		BE5EAFEA290F6B49002C5417 /* UIViewController+Alert.swift in Sources */ = {isa = PBXBuildFile; fileRef = BE5EAFE9290F6B49002C5417 /* UIViewController+Alert.swift */; };
		BE5EAFEC29103707002C5417 /* DictonaryDetailViewController.swift in Sources */ = {isa = PBXBuildFile; fileRef = BE5EAFEB29103707002C5417 /* DictonaryDetailViewController.swift */; };
		BE5EAFF62910CB94002C5417 /* DicDetailCompseViewController.swift in Sources */ = {isa = PBXBuildFile; fileRef = BE5EAFF52910CB94002C5417 /* DicDetailCompseViewController.swift */; };
		BE6A0A4B2929E7CA002BFC77 /* PopUpView.swift in Sources */ = {isa = PBXBuildFile; fileRef = BE6A0A4A2929E7CA002BFC77 /* PopUpView.swift */; };
		BE6A0A4D2929E7DA002BFC77 /* PopUp.xib in Resources */ = {isa = PBXBuildFile; fileRef = BE6A0A4C2929E7DA002BFC77 /* PopUp.xib */; };
		BEBEC48A28E23BD20055EE86 /* AppDelegate.swift in Sources */ = {isa = PBXBuildFile; fileRef = BEBEC48928E23BD20055EE86 /* AppDelegate.swift */; };
		BEBEC48C28E23BD20055EE86 /* SceneDelegate.swift in Sources */ = {isa = PBXBuildFile; fileRef = BEBEC48B28E23BD20055EE86 /* SceneDelegate.swift */; };
		BEBEC48E28E23BD20055EE86 /* LoginViewController.swift in Sources */ = {isa = PBXBuildFile; fileRef = BEBEC48D28E23BD20055EE86 /* LoginViewController.swift */; };
		BEBEC49128E23BD20055EE86 /* Main.storyboard in Resources */ = {isa = PBXBuildFile; fileRef = BEBEC48F28E23BD20055EE86 /* Main.storyboard */; };
		BEBEC49428E23BD20055EE86 /* EnSena.xcdatamodeld in Sources */ = {isa = PBXBuildFile; fileRef = BEBEC49228E23BD20055EE86 /* EnSena.xcdatamodeld */; };
		BEBEC49628E23BD70055EE86 /* Assets.xcassets in Resources */ = {isa = PBXBuildFile; fileRef = BEBEC49528E23BD70055EE86 /* Assets.xcassets */; };
		BEBEC49928E23BD70055EE86 /* LaunchScreen.storyboard in Resources */ = {isa = PBXBuildFile; fileRef = BEBEC49728E23BD70055EE86 /* LaunchScreen.storyboard */; };
		BEC29A8B292E060000125A87 /* DicCategoryTVC.swift in Sources */ = {isa = PBXBuildFile; fileRef = BEC29A8A292E060000125A87 /* DicCategoryTVC.swift */; };
		BEC29A8D292E07D300125A87 /* NADicTVC.swift in Sources */ = {isa = PBXBuildFile; fileRef = BEC29A8C292E07D200125A87 /* NADicTVC.swift */; };
		BEC29A8F292E0B5F00125A87 /* LearnTVC.swift in Sources */ = {isa = PBXBuildFile; fileRef = BEC29A8E292E0B5F00125A87 /* LearnTVC.swift */; };
		BEC29A92292E0E3E00125A87 /* QuizTVC.swift in Sources */ = {isa = PBXBuildFile; fileRef = BEC29A91292E0E3E00125A87 /* QuizTVC.swift */; };
		BEC29A94292E0E6000125A87 /* QuizLessonViewController.swift in Sources */ = {isa = PBXBuildFile; fileRef = BEC29A93292E0E6000125A87 /* QuizLessonViewController.swift */; };
		BEC29A96292E0E7700125A87 /* QuizDetailLessonViewController.swift in Sources */ = {isa = PBXBuildFile; fileRef = BEC29A95292E0E7700125A87 /* QuizDetailLessonViewController.swift */; };
		BEE3DAE2292D248A00F39CB5 /* FirebaseAuth in Frameworks */ = {isa = PBXBuildFile; productRef = BEE3DAE1292D248A00F39CB5 /* FirebaseAuth */; };
		BEE3DAE4292D248A00F39CB5 /* FirebaseDatabase in Frameworks */ = {isa = PBXBuildFile; productRef = BEE3DAE3292D248A00F39CB5 /* FirebaseDatabase */; };
		BEE3DAE6292D248A00F39CB5 /* FirebaseFirestore in Frameworks */ = {isa = PBXBuildFile; productRef = BEE3DAE5292D248A00F39CB5 /* FirebaseFirestore */; };
		BEE3DAE8292D248A00F39CB5 /* FirebaseStorage in Frameworks */ = {isa = PBXBuildFile; productRef = BEE3DAE7292D248A00F39CB5 /* FirebaseStorage */; };
		BEE3DAEB292D24CD00F39CB5 /* SDWebImage in Frameworks */ = {isa = PBXBuildFile; productRef = BEE3DAEA292D24CD00F39CB5 /* SDWebImage */; };
		BEE3DAED292D24CD00F39CB5 /* SDWebImageMapKit in Frameworks */ = {isa = PBXBuildFile; productRef = BEE3DAEC292D24CD00F39CB5 /* SDWebImageMapKit */; };
		BEE3DAEF292D7B2B00F39CB5 /* LearnTableViewCell.swift in Sources */ = {isa = PBXBuildFile; fileRef = BEE3DAEE292D7B2A00F39CB5 /* LearnTableViewCell.swift */; };
		BEF9221C29268B6400AF4275 /* NotAdminDictionaryViewController.swift in Sources */ = {isa = PBXBuildFile; fileRef = BEF9221B29268B6400AF4275 /* NotAdminDictionaryViewController.swift */; };
		BEF9221F29268C7F00AF4275 /* NotAdminDicDetailViewController.swift in Sources */ = {isa = PBXBuildFile; fileRef = BEF9221E29268C7F00AF4275 /* NotAdminDicDetailViewController.swift */; };
		BEF9222129268D3D00AF4275 /* RankingViewController.swift in Sources */ = {isa = PBXBuildFile; fileRef = BEF9222029268D3D00AF4275 /* RankingViewController.swift */; };
		BEF9222429268E3700AF4275 /* NottAdminLessonViewController.swift in Sources */ = {isa = PBXBuildFile; fileRef = BEF9222329268E3600AF4275 /* NottAdminLessonViewController.swift */; };
		BEF9E052292320350026D94F /* FirebaseDatabase in Frameworks */ = {isa = PBXBuildFile; productRef = BEF9E051292320350026D94F /* FirebaseDatabase */; };
		BEF9E056292327560026D94F /* CrearCuentaViewController.swift in Sources */ = {isa = PBXBuildFile; fileRef = BEF9E055292327560026D94F /* CrearCuentaViewController.swift */; };
		BEF9E058292409180026D94F /* AdminTabBarController.swift in Sources */ = {isa = PBXBuildFile; fileRef = BEF9E057292409170026D94F /* AdminTabBarController.swift */; };
/* End PBXBuildFile section */

/* Begin PBXFileReference section */
		5CF429C5292C4E48000489FD /* GoogleService-Info-2.plist */ = {isa = PBXFileReference; fileEncoding = 4; lastKnownFileType = text.plist.xml; path = "GoogleService-Info-2.plist"; sourceTree = "<group>"; };
		BE0CAEE32921B5D800DD1188 /* LearnComposeViewController.swift */ = {isa = PBXFileReference; lastKnownFileType = sourcecode.swift; path = LearnComposeViewController.swift; sourceTree = "<group>"; };
		BE0CAEE62921B80100DD1188 /* LessonDetailViewController.swift */ = {isa = PBXFileReference; lastKnownFileType = sourcecode.swift; path = LessonDetailViewController.swift; sourceTree = "<group>"; };
		BE0CAEEA2922DF7E00DD1188 /* GoogleService-Info.plist */ = {isa = PBXFileReference; fileEncoding = 4; lastKnownFileType = text.plist.xml; path = "GoogleService-Info.plist"; sourceTree = "<group>"; };
		BE1E75C62927C63F00BB59CE /* NotAdminLessonLearnViewController.swift */ = {isa = PBXFileReference; lastKnownFileType = sourcecode.swift; path = NotAdminLessonLearnViewController.swift; sourceTree = "<group>"; };
		BE5EAFCF290D816B002C5417 /* DictionaryViewController.swift */ = {isa = PBXFileReference; lastKnownFileType = sourcecode.swift; path = DictionaryViewController.swift; sourceTree = "<group>"; };
		BE5EAFD3290F23B2002C5417 /* HomeViewController.swift */ = {isa = PBXFileReference; lastKnownFileType = sourcecode.swift; path = HomeViewController.swift; sourceTree = "<group>"; };
		BE5EAFD5290F23BF002C5417 /* LearnViewController.swift */ = {isa = PBXFileReference; lastKnownFileType = sourcecode.swift; path = LearnViewController.swift; sourceTree = "<group>"; };
		BE5EAFD7290F23D6002C5417 /* NotificationViewController.swift */ = {isa = PBXFileReference; lastKnownFileType = sourcecode.swift; path = NotificationViewController.swift; sourceTree = "<group>"; };
		BE5EAFE7290F67B8002C5417 /* DictionaryCompseViewController.swift */ = {isa = PBXFileReference; lastKnownFileType = sourcecode.swift; path = DictionaryCompseViewController.swift; sourceTree = "<group>"; };
		BE5EAFE9290F6B49002C5417 /* UIViewController+Alert.swift */ = {isa = PBXFileReference; lastKnownFileType = sourcecode.swift; path = "UIViewController+Alert.swift"; sourceTree = "<group>"; };
		BE5EAFEB29103707002C5417 /* DictonaryDetailViewController.swift */ = {isa = PBXFileReference; lastKnownFileType = sourcecode.swift; path = DictonaryDetailViewController.swift; sourceTree = "<group>"; };
		BE5EAFF52910CB94002C5417 /* DicDetailCompseViewController.swift */ = {isa = PBXFileReference; lastKnownFileType = sourcecode.swift; path = DicDetailCompseViewController.swift; sourceTree = "<group>"; };
		BE6A0A4A2929E7CA002BFC77 /* PopUpView.swift */ = {isa = PBXFileReference; lastKnownFileType = sourcecode.swift; path = PopUpView.swift; sourceTree = "<group>"; };
		BE6A0A4C2929E7DA002BFC77 /* PopUp.xib */ = {isa = PBXFileReference; lastKnownFileType = file.xib; path = PopUp.xib; sourceTree = "<group>"; };
		BEBEC48628E23BD20055EE86 /* EnSena.app */ = {isa = PBXFileReference; explicitFileType = wrapper.application; includeInIndex = 0; path = EnSena.app; sourceTree = BUILT_PRODUCTS_DIR; };
		BEBEC48928E23BD20055EE86 /* AppDelegate.swift */ = {isa = PBXFileReference; lastKnownFileType = sourcecode.swift; path = AppDelegate.swift; sourceTree = "<group>"; };
		BEBEC48B28E23BD20055EE86 /* SceneDelegate.swift */ = {isa = PBXFileReference; lastKnownFileType = sourcecode.swift; path = SceneDelegate.swift; sourceTree = "<group>"; };
		BEBEC48D28E23BD20055EE86 /* LoginViewController.swift */ = {isa = PBXFileReference; lastKnownFileType = sourcecode.swift; path = LoginViewController.swift; sourceTree = "<group>"; };
		BEBEC49028E23BD20055EE86 /* Base */ = {isa = PBXFileReference; lastKnownFileType = file.storyboard; name = Base; path = Base.lproj/Main.storyboard; sourceTree = "<group>"; };
		BEBEC49328E23BD20055EE86 /* EnSena.xcdatamodel */ = {isa = PBXFileReference; lastKnownFileType = wrapper.xcdatamodel; path = EnSena.xcdatamodel; sourceTree = "<group>"; };
		BEBEC49528E23BD70055EE86 /* Assets.xcassets */ = {isa = PBXFileReference; lastKnownFileType = folder.assetcatalog; path = Assets.xcassets; sourceTree = "<group>"; };
		BEBEC49828E23BD70055EE86 /* Base */ = {isa = PBXFileReference; lastKnownFileType = file.storyboard; name = Base; path = Base.lproj/LaunchScreen.storyboard; sourceTree = "<group>"; };
		BEBEC49A28E23BD70055EE86 /* Info.plist */ = {isa = PBXFileReference; lastKnownFileType = text.plist.xml; path = Info.plist; sourceTree = "<group>"; };
		BEC29A8A292E060000125A87 /* DicCategoryTVC.swift */ = {isa = PBXFileReference; lastKnownFileType = sourcecode.swift; path = DicCategoryTVC.swift; sourceTree = "<group>"; };
		BEC29A8C292E07D200125A87 /* NADicTVC.swift */ = {isa = PBXFileReference; lastKnownFileType = sourcecode.swift; path = NADicTVC.swift; sourceTree = "<group>"; };
		BEC29A8E292E0B5F00125A87 /* LearnTVC.swift */ = {isa = PBXFileReference; lastKnownFileType = sourcecode.swift; path = LearnTVC.swift; sourceTree = "<group>"; };
		BEC29A91292E0E3E00125A87 /* QuizTVC.swift */ = {isa = PBXFileReference; lastKnownFileType = sourcecode.swift; path = QuizTVC.swift; sourceTree = "<group>"; };
		BEC29A93292E0E6000125A87 /* QuizLessonViewController.swift */ = {isa = PBXFileReference; lastKnownFileType = sourcecode.swift; path = QuizLessonViewController.swift; sourceTree = "<group>"; };
		BEC29A95292E0E7700125A87 /* QuizDetailLessonViewController.swift */ = {isa = PBXFileReference; lastKnownFileType = sourcecode.swift; path = QuizDetailLessonViewController.swift; sourceTree = "<group>"; };
		BEE3DAEE292D7B2A00F39CB5 /* LearnTableViewCell.swift */ = {isa = PBXFileReference; lastKnownFileType = sourcecode.swift; path = LearnTableViewCell.swift; sourceTree = "<group>"; };
		BEF9221B29268B6400AF4275 /* NotAdminDictionaryViewController.swift */ = {isa = PBXFileReference; lastKnownFileType = sourcecode.swift; path = NotAdminDictionaryViewController.swift; sourceTree = "<group>"; };
		BEF9221E29268C7F00AF4275 /* NotAdminDicDetailViewController.swift */ = {isa = PBXFileReference; lastKnownFileType = sourcecode.swift; path = NotAdminDicDetailViewController.swift; sourceTree = "<group>"; };
		BEF9222029268D3D00AF4275 /* RankingViewController.swift */ = {isa = PBXFileReference; lastKnownFileType = sourcecode.swift; path = RankingViewController.swift; sourceTree = "<group>"; };
		BEF9222329268E3600AF4275 /* NottAdminLessonViewController.swift */ = {isa = PBXFileReference; lastKnownFileType = sourcecode.swift; path = NottAdminLessonViewController.swift; sourceTree = "<group>"; };
		BEF9E055292327560026D94F /* CrearCuentaViewController.swift */ = {isa = PBXFileReference; lastKnownFileType = sourcecode.swift; path = CrearCuentaViewController.swift; sourceTree = "<group>"; };
		BEF9E057292409170026D94F /* AdminTabBarController.swift */ = {isa = PBXFileReference; lastKnownFileType = sourcecode.swift; path = AdminTabBarController.swift; sourceTree = "<group>"; };
/* End PBXFileReference section */

/* Begin PBXFrameworksBuildPhase section */
		BEBEC48328E23BD20055EE86 /* Frameworks */ = {
			isa = PBXFrameworksBuildPhase;
			buildActionMask = 2147483647;
			files = (
				BE1A3C172922E02F00E6D498 /* FirebaseAuth in Frameworks */,
				BE1A3C192922E02F00E6D498 /* FirebaseFirestore in Frameworks */,
				BEF9E052292320350026D94F /* FirebaseDatabase in Frameworks */,
				BEE3DAE8292D248A00F39CB5 /* FirebaseStorage in Frameworks */,
				BE1A3C1B2922E02F00E6D498 /* FirebaseStorage in Frameworks */,
				5C81F0A5292CCD000086D5F2 /* SDWebImageMapKit in Frameworks */,
				BEE3DAE6292D248A00F39CB5 /* FirebaseFirestore in Frameworks */,
				BEE3DAE2292D248A00F39CB5 /* FirebaseAuth in Frameworks */,
				BEE3DAEB292D24CD00F39CB5 /* SDWebImage in Frameworks */,
				BEE3DAE4292D248A00F39CB5 /* FirebaseDatabase in Frameworks */,
				BEE3DAED292D24CD00F39CB5 /* SDWebImageMapKit in Frameworks */,
				5C81F0A3292CCD000086D5F2 /* SDWebImage in Frameworks */,
			);
			runOnlyForDeploymentPostprocessing = 0;
		};
/* End PBXFrameworksBuildPhase section */

/* Begin PBXGroup section */
		BE0CAEE52921B7D900DD1188 /* LearnLesson */ = {
			isa = PBXGroup;
			children = (
				BE5EAFD5290F23BF002C5417 /* LearnViewController.swift */,
				BE0CAEE32921B5D800DD1188 /* LearnComposeViewController.swift */,
				BEE3DAEE292D7B2A00F39CB5 /* LearnTableViewCell.swift */,
				BE0CAEE62921B80100DD1188 /* LessonDetailViewController.swift */,
				BEC29A8E292E0B5F00125A87 /* LearnTVC.swift */,
			);
			path = LearnLesson;
			sourceTree = "<group>";
		};
		BE3B46B8291E0C9A00E0D6C9 /* Lesson */ = {
			isa = PBXGroup;
			children = (
				BEC29A90292E0E2700125A87 /* QuizLesson */,
				BE0CAEE52921B7D900DD1188 /* LearnLesson */,
			);
			path = Lesson;
			sourceTree = "<group>";
		};
		BE3B46BB291E977500E0D6C9 /* Resource */ = {
			isa = PBXGroup;
			children = (
				BE0CAEEA2922DF7E00DD1188 /* GoogleService-Info.plist */,
			);
			path = Resource;
			sourceTree = "<group>";
		};
		BE5EAFF12910CAF8002C5417 /* Dictionary */ = {
			isa = PBXGroup;
			children = (
				BE5EAFF22910CB3C002C5417 /* DicDetail */,
				BE5EAFCF290D816B002C5417 /* DictionaryViewController.swift */,
				BE5EAFE7290F67B8002C5417 /* DictionaryCompseViewController.swift */,
				BE5EAFE9290F6B49002C5417 /* UIViewController+Alert.swift */,
				BEC29A8A292E060000125A87 /* DicCategoryTVC.swift */,
			);
			path = Dictionary;
			sourceTree = "<group>";
		};
		BE5EAFF22910CB3C002C5417 /* DicDetail */ = {
			isa = PBXGroup;
			children = (
				BE5EAFEB29103707002C5417 /* DictonaryDetailViewController.swift */,
				BE5EAFF52910CB94002C5417 /* DicDetailCompseViewController.swift */,
				BE6A0A4A2929E7CA002BFC77 /* PopUpView.swift */,
				BE6A0A4C2929E7DA002BFC77 /* PopUp.xib */,
			);
			path = DicDetail;
			sourceTree = "<group>";
		};
		BEBEC47D28E23BD20055EE86 = {
			isa = PBXGroup;
			children = (
				BEBEC48828E23BD20055EE86 /* EnSena */,
				BEBEC48728E23BD20055EE86 /* Products */,
				BEF9E050292320350026D94F /* Frameworks */,
			);
			sourceTree = "<group>";
		};
		BEBEC48728E23BD20055EE86 /* Products */ = {
			isa = PBXGroup;
			children = (
				BEBEC48628E23BD20055EE86 /* EnSena.app */,
			);
			name = Products;
			sourceTree = "<group>";
		};
		BEBEC48828E23BD20055EE86 /* EnSena */ = {
			isa = PBXGroup;
			children = (
				BEF9221929268ADA00AF4275 /* NotAdmin */,
				BEF9221829268ACA00AF4275 /* Admin */,
				BE3B46BB291E977500E0D6C9 /* Resource */,
				BEBEC48928E23BD20055EE86 /* AppDelegate.swift */,
				BEBEC48B28E23BD20055EE86 /* SceneDelegate.swift */,
				BEBEC48D28E23BD20055EE86 /* LoginViewController.swift */,
				BEBEC48F28E23BD20055EE86 /* Main.storyboard */,
				BEBEC49528E23BD70055EE86 /* Assets.xcassets */,
				BEBEC49728E23BD70055EE86 /* LaunchScreen.storyboard */,
				BEBEC49A28E23BD70055EE86 /* Info.plist */,
				BEBEC49228E23BD20055EE86 /* EnSena.xcdatamodeld */,
				BEF9E055292327560026D94F /* CrearCuentaViewController.swift */,
				BEF9E057292409170026D94F /* AdminTabBarController.swift */,
				5CF429C5292C4E48000489FD /* GoogleService-Info-2.plist */,
			);
			path = EnSena;
			sourceTree = "<group>";
		};
		BEC29A90292E0E2700125A87 /* QuizLesson */ = {
			isa = PBXGroup;
			children = (
				BEC29A91292E0E3E00125A87 /* QuizTVC.swift */,
				BEC29A93292E0E6000125A87 /* QuizLessonViewController.swift */,
				BEC29A95292E0E7700125A87 /* QuizDetailLessonViewController.swift */,
			);
			path = QuizLesson;
			sourceTree = "<group>";
		};
		BEF9221829268ACA00AF4275 /* Admin */ = {
			isa = PBXGroup;
			children = (
				BEF9222029268D3D00AF4275 /* RankingViewController.swift */,
				BE3B46B8291E0C9A00E0D6C9 /* Lesson */,
				BE5EAFF12910CAF8002C5417 /* Dictionary */,
			);
			path = Admin;
			sourceTree = "<group>";
		};
		BEF9221929268ADA00AF4275 /* NotAdmin */ = {
			isa = PBXGroup;
			children = (
				BE5EAFD3290F23B2002C5417 /* HomeViewController.swift */,
				BEF9222229268E1700AF4275 /* Lesson */,
				BE5EAFD7290F23D6002C5417 /* NotificationViewController.swift */,
				BEF9221A29268B4A00AF4275 /* Dictioanry */,
			);
			path = NotAdmin;
			sourceTree = "<group>";
		};
		BEF9221A29268B4A00AF4275 /* Dictioanry */ = {
			isa = PBXGroup;
			children = (
				BEF9221B29268B6400AF4275 /* NotAdminDictionaryViewController.swift */,
				BEF9221E29268C7F00AF4275 /* NotAdminDicDetailViewController.swift */,
				BEC29A8C292E07D200125A87 /* NADicTVC.swift */,
			);
			path = Dictioanry;
			sourceTree = "<group>";
		};
		BEF9222229268E1700AF4275 /* Lesson */ = {
			isa = PBXGroup;
			children = (
				BEF9222329268E3600AF4275 /* NottAdminLessonViewController.swift */,
				BE1E75C62927C63F00BB59CE /* NotAdminLessonLearnViewController.swift */,
			);
			path = Lesson;
			sourceTree = "<group>";
		};
		BEF9E050292320350026D94F /* Frameworks */ = {
			isa = PBXGroup;
			children = (
			);
			name = Frameworks;
			sourceTree = "<group>";
		};
/* End PBXGroup section */

/* Begin PBXNativeTarget section */
		BEBEC48528E23BD20055EE86 /* EnSena */ = {
			isa = PBXNativeTarget;
			buildConfigurationList = BEBEC49D28E23BD70055EE86 /* Build configuration list for PBXNativeTarget "EnSena" */;
			buildPhases = (
				BEBEC48228E23BD20055EE86 /* Sources */,
				BEBEC48328E23BD20055EE86 /* Frameworks */,
				BEBEC48428E23BD20055EE86 /* Resources */,
			);
			buildRules = (
			);
			dependencies = (
			);
			name = EnSena;
			packageProductDependencies = (
				BE1A3C162922E02F00E6D498 /* FirebaseAuth */,
				BE1A3C182922E02F00E6D498 /* FirebaseFirestore */,
				BE1A3C1A2922E02F00E6D498 /* FirebaseStorage */,
				BEF9E051292320350026D94F /* FirebaseDatabase */,
				5C81F0A2292CCD000086D5F2 /* SDWebImage */,
				5C81F0A4292CCD000086D5F2 /* SDWebImageMapKit */,
				BEE3DAE1292D248A00F39CB5 /* FirebaseAuth */,
				BEE3DAE3292D248A00F39CB5 /* FirebaseDatabase */,
				BEE3DAE5292D248A00F39CB5 /* FirebaseFirestore */,
				BEE3DAE7292D248A00F39CB5 /* FirebaseStorage */,
				BEE3DAEA292D24CD00F39CB5 /* SDWebImage */,
				BEE3DAEC292D24CD00F39CB5 /* SDWebImageMapKit */,
			);
			productName = EnSena;
			productReference = BEBEC48628E23BD20055EE86 /* EnSena.app */;
			productType = "com.apple.product-type.application";
		};
/* End PBXNativeTarget section */

/* Begin PBXProject section */
		BEBEC47E28E23BD20055EE86 /* Project object */ = {
			isa = PBXProject;
			attributes = {
				BuildIndependentTargetsInParallel = 1;
				LastSwiftUpdateCheck = 1340;
				LastUpgradeCheck = 1340;
				TargetAttributes = {
					BEBEC48528E23BD20055EE86 = {
						CreatedOnToolsVersion = 13.4.1;
					};
				};
			};
			buildConfigurationList = BEBEC48128E23BD20055EE86 /* Build configuration list for PBXProject "EnSena" */;
			compatibilityVersion = "Xcode 13.0";
			developmentRegion = en;
			hasScannedForEncodings = 0;
			knownRegions = (
				en,
				Base,
			);
			mainGroup = BEBEC47D28E23BD20055EE86;
			packageReferences = (
				BE1A3C152922E02F00E6D498 /* XCRemoteSwiftPackageReference "firebase-ios-sdk" */,
				5C81F0A1292CCD000086D5F2 /* XCRemoteSwiftPackageReference "SDWebImage" */,
				BEE3DAE0292D248A00F39CB5 /* XCRemoteSwiftPackageReference "firebase-ios-sdk" */,
				BEE3DAE9292D24CD00F39CB5 /* XCRemoteSwiftPackageReference "SDWebImage" */,
			);
			productRefGroup = BEBEC48728E23BD20055EE86 /* Products */;
			projectDirPath = "";
			projectRoot = "";
			targets = (
				BEBEC48528E23BD20055EE86 /* EnSena */,
			);
		};
/* End PBXProject section */

/* Begin PBXResourcesBuildPhase section */
		BEBEC48428E23BD20055EE86 /* Resources */ = {
			isa = PBXResourcesBuildPhase;
			buildActionMask = 2147483647;
			files = (
				BEBEC49928E23BD70055EE86 /* LaunchScreen.storyboard in Resources */,
				BE0CAEEB2922DF7E00DD1188 /* GoogleService-Info.plist in Resources */,
				5CF429C6292C4E49000489FD /* GoogleService-Info-2.plist in Resources */,
				BEBEC49628E23BD70055EE86 /* Assets.xcassets in Resources */,
				BE6A0A4D2929E7DA002BFC77 /* PopUp.xib in Resources */,
				BEBEC49128E23BD20055EE86 /* Main.storyboard in Resources */,
			);
			runOnlyForDeploymentPostprocessing = 0;
		};
/* End PBXResourcesBuildPhase section */

/* Begin PBXSourcesBuildPhase section */
		BEBEC48228E23BD20055EE86 /* Sources */ = {
			isa = PBXSourcesBuildPhase;
			buildActionMask = 2147483647;
			files = (
				BE5EAFD8290F23D6002C5417 /* NotificationViewController.swift in Sources */,
				BE0CAEE72921B80100DD1188 /* LessonDetailViewController.swift in Sources */,
				BE5EAFEA290F6B49002C5417 /* UIViewController+Alert.swift in Sources */,
				BE5EAFD0290D816B002C5417 /* DictionaryViewController.swift in Sources */,
				BEC29A96292E0E7700125A87 /* QuizDetailLessonViewController.swift in Sources */,
				BEF9222129268D3D00AF4275 /* RankingViewController.swift in Sources */,
				BEE3DAEF292D7B2B00F39CB5 /* LearnTableViewCell.swift in Sources */,
				BEF9221C29268B6400AF4275 /* NotAdminDictionaryViewController.swift in Sources */,
				BE5EAFE8290F67B8002C5417 /* DictionaryCompseViewController.swift in Sources */,
				BEF9E056292327560026D94F /* CrearCuentaViewController.swift in Sources */,
				BEBEC48E28E23BD20055EE86 /* LoginViewController.swift in Sources */,
				BE5EAFD6290F23BF002C5417 /* LearnViewController.swift in Sources */,
				BEC29A8D292E07D300125A87 /* NADicTVC.swift in Sources */,
				BEBEC49428E23BD20055EE86 /* EnSena.xcdatamodeld in Sources */,
				BE6A0A4B2929E7CA002BFC77 /* PopUpView.swift in Sources */,
				BE1E75C72927C63F00BB59CE /* NotAdminLessonLearnViewController.swift in Sources */,
				BE5EAFEC29103707002C5417 /* DictonaryDetailViewController.swift in Sources */,
				BE5EAFD4290F23B2002C5417 /* HomeViewController.swift in Sources */,
				BE0CAEE42921B5D800DD1188 /* LearnComposeViewController.swift in Sources */,
				BEC29A92292E0E3E00125A87 /* QuizTVC.swift in Sources */,
				BEC29A8F292E0B5F00125A87 /* LearnTVC.swift in Sources */,
				BEBEC48A28E23BD20055EE86 /* AppDelegate.swift in Sources */,
				BEC29A94292E0E6000125A87 /* QuizLessonViewController.swift in Sources */,
				BEC29A8B292E060000125A87 /* DicCategoryTVC.swift in Sources */,
				BEF9222429268E3700AF4275 /* NottAdminLessonViewController.swift in Sources */,
				BEBEC48C28E23BD20055EE86 /* SceneDelegate.swift in Sources */,
				BEF9221F29268C7F00AF4275 /* NotAdminDicDetailViewController.swift in Sources */,
				BE5EAFF62910CB94002C5417 /* DicDetailCompseViewController.swift in Sources */,
				BEF9E058292409180026D94F /* AdminTabBarController.swift in Sources */,
			);
			runOnlyForDeploymentPostprocessing = 0;
		};
/* End PBXSourcesBuildPhase section */

/* Begin PBXVariantGroup section */
		BEBEC48F28E23BD20055EE86 /* Main.storyboard */ = {
			isa = PBXVariantGroup;
			children = (
				BEBEC49028E23BD20055EE86 /* Base */,
			);
			name = Main.storyboard;
			sourceTree = "<group>";
		};
		BEBEC49728E23BD70055EE86 /* LaunchScreen.storyboard */ = {
			isa = PBXVariantGroup;
			children = (
				BEBEC49828E23BD70055EE86 /* Base */,
			);
			name = LaunchScreen.storyboard;
			sourceTree = "<group>";
		};
/* End PBXVariantGroup section */

/* Begin XCBuildConfiguration section */
		BEBEC49B28E23BD70055EE86 /* Debug */ = {
			isa = XCBuildConfiguration;
			buildSettings = {
				ALWAYS_SEARCH_USER_PATHS = NO;
				CLANG_ANALYZER_NONNULL = YES;
				CLANG_ANALYZER_NUMBER_OBJECT_CONVERSION = YES_AGGRESSIVE;
				CLANG_CXX_LANGUAGE_STANDARD = "gnu++17";
				CLANG_ENABLE_MODULES = YES;
				CLANG_ENABLE_OBJC_ARC = YES;
				CLANG_ENABLE_OBJC_WEAK = YES;
				CLANG_WARN_BLOCK_CAPTURE_AUTORELEASING = YES;
				CLANG_WARN_BOOL_CONVERSION = YES;
				CLANG_WARN_COMMA = YES;
				CLANG_WARN_CONSTANT_CONVERSION = YES;
				CLANG_WARN_DEPRECATED_OBJC_IMPLEMENTATIONS = YES;
				CLANG_WARN_DIRECT_OBJC_ISA_USAGE = YES_ERROR;
				CLANG_WARN_DOCUMENTATION_COMMENTS = YES;
				CLANG_WARN_EMPTY_BODY = YES;
				CLANG_WARN_ENUM_CONVERSION = YES;
				CLANG_WARN_INFINITE_RECURSION = YES;
				CLANG_WARN_INT_CONVERSION = YES;
				CLANG_WARN_NON_LITERAL_NULL_CONVERSION = YES;
				CLANG_WARN_OBJC_IMPLICIT_RETAIN_SELF = YES;
				CLANG_WARN_OBJC_LITERAL_CONVERSION = YES;
				CLANG_WARN_OBJC_ROOT_CLASS = YES_ERROR;
				CLANG_WARN_QUOTED_INCLUDE_IN_FRAMEWORK_HEADER = YES;
				CLANG_WARN_RANGE_LOOP_ANALYSIS = YES;
				CLANG_WARN_STRICT_PROTOTYPES = YES;
				CLANG_WARN_SUSPICIOUS_MOVE = YES;
				CLANG_WARN_UNGUARDED_AVAILABILITY = YES_AGGRESSIVE;
				CLANG_WARN_UNREACHABLE_CODE = YES;
				CLANG_WARN__DUPLICATE_METHOD_MATCH = YES;
				COPY_PHASE_STRIP = NO;
				DEBUG_INFORMATION_FORMAT = dwarf;
				ENABLE_STRICT_OBJC_MSGSEND = YES;
				ENABLE_TESTABILITY = YES;
				GCC_C_LANGUAGE_STANDARD = gnu11;
				GCC_DYNAMIC_NO_PIC = NO;
				GCC_NO_COMMON_BLOCKS = YES;
				GCC_OPTIMIZATION_LEVEL = 0;
				GCC_PREPROCESSOR_DEFINITIONS = (
					"DEBUG=1",
					"$(inherited)",
				);
				GCC_WARN_64_TO_32_BIT_CONVERSION = YES;
				GCC_WARN_ABOUT_RETURN_TYPE = YES_ERROR;
				GCC_WARN_UNDECLARED_SELECTOR = YES;
				GCC_WARN_UNINITIALIZED_AUTOS = YES_AGGRESSIVE;
				GCC_WARN_UNUSED_FUNCTION = YES;
				GCC_WARN_UNUSED_VARIABLE = YES;
				IPHONEOS_DEPLOYMENT_TARGET = 14.0;
				MTL_ENABLE_DEBUG_INFO = INCLUDE_SOURCE;
				MTL_FAST_MATH = YES;
				ONLY_ACTIVE_ARCH = YES;
				SDKROOT = iphoneos;
				SWIFT_ACTIVE_COMPILATION_CONDITIONS = DEBUG;
				SWIFT_OPTIMIZATION_LEVEL = "-Onone";
			};
			name = Debug;
		};
		BEBEC49C28E23BD70055EE86 /* Release */ = {
			isa = XCBuildConfiguration;
			buildSettings = {
				ALWAYS_SEARCH_USER_PATHS = NO;
				CLANG_ANALYZER_NONNULL = YES;
				CLANG_ANALYZER_NUMBER_OBJECT_CONVERSION = YES_AGGRESSIVE;
				CLANG_CXX_LANGUAGE_STANDARD = "gnu++17";
				CLANG_ENABLE_MODULES = YES;
				CLANG_ENABLE_OBJC_ARC = YES;
				CLANG_ENABLE_OBJC_WEAK = YES;
				CLANG_WARN_BLOCK_CAPTURE_AUTORELEASING = YES;
				CLANG_WARN_BOOL_CONVERSION = YES;
				CLANG_WARN_COMMA = YES;
				CLANG_WARN_CONSTANT_CONVERSION = YES;
				CLANG_WARN_DEPRECATED_OBJC_IMPLEMENTATIONS = YES;
				CLANG_WARN_DIRECT_OBJC_ISA_USAGE = YES_ERROR;
				CLANG_WARN_DOCUMENTATION_COMMENTS = YES;
				CLANG_WARN_EMPTY_BODY = YES;
				CLANG_WARN_ENUM_CONVERSION = YES;
				CLANG_WARN_INFINITE_RECURSION = YES;
				CLANG_WARN_INT_CONVERSION = YES;
				CLANG_WARN_NON_LITERAL_NULL_CONVERSION = YES;
				CLANG_WARN_OBJC_IMPLICIT_RETAIN_SELF = YES;
				CLANG_WARN_OBJC_LITERAL_CONVERSION = YES;
				CLANG_WARN_OBJC_ROOT_CLASS = YES_ERROR;
				CLANG_WARN_QUOTED_INCLUDE_IN_FRAMEWORK_HEADER = YES;
				CLANG_WARN_RANGE_LOOP_ANALYSIS = YES;
				CLANG_WARN_STRICT_PROTOTYPES = YES;
				CLANG_WARN_SUSPICIOUS_MOVE = YES;
				CLANG_WARN_UNGUARDED_AVAILABILITY = YES_AGGRESSIVE;
				CLANG_WARN_UNREACHABLE_CODE = YES;
				CLANG_WARN__DUPLICATE_METHOD_MATCH = YES;
				COPY_PHASE_STRIP = NO;
				DEBUG_INFORMATION_FORMAT = "dwarf-with-dsym";
				ENABLE_NS_ASSERTIONS = NO;
				ENABLE_STRICT_OBJC_MSGSEND = YES;
				GCC_C_LANGUAGE_STANDARD = gnu11;
				GCC_NO_COMMON_BLOCKS = YES;
				GCC_WARN_64_TO_32_BIT_CONVERSION = YES;
				GCC_WARN_ABOUT_RETURN_TYPE = YES_ERROR;
				GCC_WARN_UNDECLARED_SELECTOR = YES;
				GCC_WARN_UNINITIALIZED_AUTOS = YES_AGGRESSIVE;
				GCC_WARN_UNUSED_FUNCTION = YES;
				GCC_WARN_UNUSED_VARIABLE = YES;
				IPHONEOS_DEPLOYMENT_TARGET = 14.0;
				MTL_ENABLE_DEBUG_INFO = NO;
				MTL_FAST_MATH = YES;
				SDKROOT = iphoneos;
				SWIFT_COMPILATION_MODE = wholemodule;
				SWIFT_OPTIMIZATION_LEVEL = "-O";
				VALIDATE_PRODUCT = YES;
			};
			name = Release;
		};
		BEBEC49E28E23BD70055EE86 /* Debug */ = {
			isa = XCBuildConfiguration;
			buildSettings = {
				ASSETCATALOG_COMPILER_APPICON_NAME = AppIcon;
				ASSETCATALOG_COMPILER_GLOBAL_ACCENT_COLOR_NAME = AccentColor;
				CODE_SIGN_STYLE = Automatic;
				CURRENT_PROJECT_VERSION = 1;
				DEVELOPMENT_TEAM = L277A6GH74;
				GENERATE_INFOPLIST_FILE = YES;
				INFOPLIST_FILE = EnSena/Info.plist;
				INFOPLIST_KEY_UIApplicationSupportsIndirectInputEvents = YES;
				INFOPLIST_KEY_UILaunchStoryboardName = LaunchScreen;
				INFOPLIST_KEY_UIMainStoryboardFile = Main;
				INFOPLIST_KEY_UISupportedInterfaceOrientations_iPad = "UIInterfaceOrientationPortrait UIInterfaceOrientationPortraitUpsideDown UIInterfaceOrientationLandscapeLeft UIInterfaceOrientationLandscapeRight";
				INFOPLIST_KEY_UISupportedInterfaceOrientations_iPhone = "UIInterfaceOrientationPortrait UIInterfaceOrientationLandscapeLeft UIInterfaceOrientationLandscapeRight";
				IPHONEOS_DEPLOYMENT_TARGET = 12.4;
				LD_RUNPATH_SEARCH_PATHS = (
					"$(inherited)",
					"@executable_path/Frameworks",
				);
				MARKETING_VERSION = 1.0;
				PRODUCT_BUNDLE_IDENTIFIER = Mango.EnSena;
				PRODUCT_NAME = "$(TARGET_NAME)";
				SWIFT_EMIT_LOC_STRINGS = YES;
				SWIFT_VERSION = 5.0;
				TARGETED_DEVICE_FAMILY = "1,2";
			};
			name = Debug;
		};
		BEBEC49F28E23BD70055EE86 /* Release */ = {
			isa = XCBuildConfiguration;
			buildSettings = {
				ASSETCATALOG_COMPILER_APPICON_NAME = AppIcon;
				ASSETCATALOG_COMPILER_GLOBAL_ACCENT_COLOR_NAME = AccentColor;
				CODE_SIGN_STYLE = Automatic;
				CURRENT_PROJECT_VERSION = 1;
				DEVELOPMENT_TEAM = L277A6GH74;
				GENERATE_INFOPLIST_FILE = YES;
				INFOPLIST_FILE = EnSena/Info.plist;
				INFOPLIST_KEY_UIApplicationSupportsIndirectInputEvents = YES;
				INFOPLIST_KEY_UILaunchStoryboardName = LaunchScreen;
				INFOPLIST_KEY_UIMainStoryboardFile = Main;
				INFOPLIST_KEY_UISupportedInterfaceOrientations_iPad = "UIInterfaceOrientationPortrait UIInterfaceOrientationPortraitUpsideDown UIInterfaceOrientationLandscapeLeft UIInterfaceOrientationLandscapeRight";
				INFOPLIST_KEY_UISupportedInterfaceOrientations_iPhone = "UIInterfaceOrientationPortrait UIInterfaceOrientationLandscapeLeft UIInterfaceOrientationLandscapeRight";
				IPHONEOS_DEPLOYMENT_TARGET = 12.4;
				LD_RUNPATH_SEARCH_PATHS = (
					"$(inherited)",
					"@executable_path/Frameworks",
				);
				MARKETING_VERSION = 1.0;
				PRODUCT_BUNDLE_IDENTIFIER = Mango.EnSena;
				PRODUCT_NAME = "$(TARGET_NAME)";
				SWIFT_EMIT_LOC_STRINGS = YES;
				SWIFT_VERSION = 5.0;
				TARGETED_DEVICE_FAMILY = "1,2";
			};
			name = Release;
		};
/* End XCBuildConfiguration section */

/* Begin XCConfigurationList section */
		BEBEC48128E23BD20055EE86 /* Build configuration list for PBXProject "EnSena" */ = {
			isa = XCConfigurationList;
			buildConfigurations = (
				BEBEC49B28E23BD70055EE86 /* Debug */,
				BEBEC49C28E23BD70055EE86 /* Release */,
			);
			defaultConfigurationIsVisible = 0;
			defaultConfigurationName = Release;
		};
		BEBEC49D28E23BD70055EE86 /* Build configuration list for PBXNativeTarget "EnSena" */ = {
			isa = XCConfigurationList;
			buildConfigurations = (
				BEBEC49E28E23BD70055EE86 /* Debug */,
				BEBEC49F28E23BD70055EE86 /* Release */,
			);
			defaultConfigurationIsVisible = 0;
			defaultConfigurationName = Release;
		};
/* End XCConfigurationList section */

/* Begin XCRemoteSwiftPackageReference section */
		5C81F0A1292CCD000086D5F2 /* XCRemoteSwiftPackageReference "SDWebImage" */ = {
			isa = XCRemoteSwiftPackageReference;
			repositoryURL = "https://github.com/SDWebImage/SDWebImage.git";
			requirement = {
				kind = upToNextMajorVersion;
				minimumVersion = 5.0.0;
			};
		};
		BE1A3C152922E02F00E6D498 /* XCRemoteSwiftPackageReference "firebase-ios-sdk" */ = {
			isa = XCRemoteSwiftPackageReference;
			repositoryURL = "https://github.com/firebase/firebase-ios-sdk.git";
			requirement = {
				branch = master;
				kind = branch;
			};
		};
		BEE3DAE0292D248A00F39CB5 /* XCRemoteSwiftPackageReference "firebase-ios-sdk" */ = {
			isa = XCRemoteSwiftPackageReference;
			repositoryURL = "https://github.com/firebase/firebase-ios-sdk.git";
			requirement = {
				kind = upToNextMajorVersion;
				minimumVersion = 9.0.0;
			};
		};
		BEE3DAE9292D24CD00F39CB5 /* XCRemoteSwiftPackageReference "SDWebImage" */ = {
			isa = XCRemoteSwiftPackageReference;
			repositoryURL = "https://github.com/SDWebImage/SDWebImage.git";
			requirement = {
				kind = upToNextMajorVersion;
				minimumVersion = 5.0.0;
			};
		};
/* End XCRemoteSwiftPackageReference section */

/* Begin XCSwiftPackageProductDependency section */
		5C81F0A2292CCD000086D5F2 /* SDWebImage */ = {
			isa = XCSwiftPackageProductDependency;
			package = 5C81F0A1292CCD000086D5F2 /* XCRemoteSwiftPackageReference "SDWebImage" */;
			productName = SDWebImage;
		};
		5C81F0A4292CCD000086D5F2 /* SDWebImageMapKit */ = {
			isa = XCSwiftPackageProductDependency;
			package = 5C81F0A1292CCD000086D5F2 /* XCRemoteSwiftPackageReference "SDWebImage" */;
			productName = SDWebImageMapKit;
		};
		BE1A3C162922E02F00E6D498 /* FirebaseAuth */ = {
			isa = XCSwiftPackageProductDependency;
			package = BE1A3C152922E02F00E6D498 /* XCRemoteSwiftPackageReference "firebase-ios-sdk" */;
			productName = FirebaseAuth;
		};
		BE1A3C182922E02F00E6D498 /* FirebaseFirestore */ = {
			isa = XCSwiftPackageProductDependency;
			package = BE1A3C152922E02F00E6D498 /* XCRemoteSwiftPackageReference "firebase-ios-sdk" */;
			productName = FirebaseFirestore;
		};
		BE1A3C1A2922E02F00E6D498 /* FirebaseStorage */ = {
			isa = XCSwiftPackageProductDependency;
			package = BE1A3C152922E02F00E6D498 /* XCRemoteSwiftPackageReference "firebase-ios-sdk" */;
			productName = FirebaseStorage;
		};
		BEE3DAE1292D248A00F39CB5 /* FirebaseAuth */ = {
			isa = XCSwiftPackageProductDependency;
			package = BEE3DAE0292D248A00F39CB5 /* XCRemoteSwiftPackageReference "firebase-ios-sdk" */;
			productName = FirebaseAuth;
		};
		BEE3DAE3292D248A00F39CB5 /* FirebaseDatabase */ = {
			isa = XCSwiftPackageProductDependency;
			package = BEE3DAE0292D248A00F39CB5 /* XCRemoteSwiftPackageReference "firebase-ios-sdk" */;
			productName = FirebaseDatabase;
		};
		BEE3DAE5292D248A00F39CB5 /* FirebaseFirestore */ = {
			isa = XCSwiftPackageProductDependency;
			package = BEE3DAE0292D248A00F39CB5 /* XCRemoteSwiftPackageReference "firebase-ios-sdk" */;
			productName = FirebaseFirestore;
		};
		BEE3DAE7292D248A00F39CB5 /* FirebaseStorage */ = {
			isa = XCSwiftPackageProductDependency;
			package = BEE3DAE0292D248A00F39CB5 /* XCRemoteSwiftPackageReference "firebase-ios-sdk" */;
			productName = FirebaseStorage;
		};
		BEE3DAEA292D24CD00F39CB5 /* SDWebImage */ = {
			isa = XCSwiftPackageProductDependency;
			package = 5C81F0A1292CCD000086D5F2 /* XCRemoteSwiftPackageReference "SDWebImage" */;
			productName = SDWebImage;
		};
		BEE3DAEC292D24CD00F39CB5 /* SDWebImageMapKit */ = {
			isa = XCSwiftPackageProductDependency;
			package = 5C81F0A1292CCD000086D5F2 /* XCRemoteSwiftPackageReference "SDWebImage" */;
			productName = SDWebImageMapKit;
		};
		BEF9E051292320350026D94F /* FirebaseDatabase */ = {
			isa = XCSwiftPackageProductDependency;
			package = BE1A3C152922E02F00E6D498 /* XCRemoteSwiftPackageReference "firebase-ios-sdk" */;
			productName = FirebaseDatabase;
		};
/* End XCSwiftPackageProductDependency section */

/* Begin XCVersionGroup section */
		BEBEC49228E23BD20055EE86 /* EnSena.xcdatamodeld */ = {
			isa = XCVersionGroup;
			children = (
				BEBEC49328E23BD20055EE86 /* EnSena.xcdatamodel */,
			);
			currentVersion = BEBEC49328E23BD20055EE86 /* EnSena.xcdatamodel */;
			path = EnSena.xcdatamodeld;
			sourceTree = "<group>";
			versionGroupType = wrapper.xcdatamodel;
		};
/* End XCVersionGroup section */
	};
	rootObject = BEBEC47E28E23BD20055EE86 /* Project object */;
}
